
Microsoft Visual Studio Solution File, Format Version 12.00
# Visual Studio Version 17
VisualStudioVersion = 17.9.34607.119
MinimumVisualStudioVersion = 10.0.40219.1
Project("{FAE04EC0-301F-11D3-BF4B-00C04F79EFBC}") = "BookPortfolio", "BookPortfolio.csproj", "{968C0E34-F6EB-4410-A7AC-242EE08F503D}"
EndProject
Global
	GlobalSection(SolutionConfigurationPlatforms) = preSolution
		Debug|Any CPU = Debug|Any CPU
		Release|Any CPU = Release|Any CPU
	EndGlobalSection
	GlobalSection(ProjectConfigurationPlatforms) = postSolution
		{968C0E34-F6EB-4410-A7AC-242EE08F503D}.Debug|Any CPU.ActiveCfg = Debug|Any CPU
		{968C0E34-F6EB-4410-A7AC-242EE08F503D}.Debug|Any CPU.Build.0 = Debug|Any CPU
		{968C0E34-F6EB-4410-A7AC-242EE08F503D}.Release|Any CPU.ActiveCfg = Release|Any CPU
		{968C0E34-F6EB-4410-A7AC-242EE08F503D}.Release|Any CPU.Build.0 = Release|Any CPU
	EndGlobalSection
	GlobalSection(SolutionProperties) = preSolution
		HideSolutionNode = FALSE
	EndGlobalSection
	GlobalSection(ExtensibilityGlobals) = postSolution
		SolutionGuid = {75B34485-1ECE-4D29-8BFE-3B487393B330}
	EndGlobalSection
EndGlobal
